
Microsoft Visual Studio Solution File, Format Version 11.00
# Visual Basic Express 2010
Project("{F184B08F-C81C-45F6-A57F-5ABD9991F28F}") = "cisBasicProj", "cisBasicProj\cisBasicProj.vbproj", "{AC50661B-FE27-434A-80EF-714353505AD4}"
EndProject
Global
	GlobalSection(SolutionConfigurationPlatforms) = preSolution
		Debug|x86 = Debug|x86
		Release|x86 = Release|x86
	EndGlobalSection
	GlobalSection(ProjectConfigurationPlatforms) = postSolution
		{AC50661B-FE27-434A-80EF-714353505AD4}.Debug|x86.ActiveCfg = Debug|x86
		{AC50661B-FE27-434A-80EF-714353505AD4}.Debug|x86.Build.0 = Debug|x86
		{AC50661B-FE27-434A-80EF-714353505AD4}.Release|x86.ActiveCfg = Release|x86
		{AC50661B-FE27-434A-80EF-714353505AD4}.Release|x86.Build.0 = Release|x86
	EndGlobalSection
	GlobalSection(SolutionProperties) = preSolution
		HideSolutionNode = FALSE
	EndGlobalSection
EndGlobal
